langcode: en
status: true
dependencies:
  module:
    - mc_custom
  theme:
    - mc_theme
id: mc_theme_footerblock
theme: mc_theme
region: footer
weight: -3
provider: null
plugin: footer_block
settings:
  id: footer_block
  label: 'Footer Block'
  label_display: '0'
  provider: mc_custom
visibility: {  }
