langcode: en
status: true
dependencies:
  module:
    - mc_custom
  theme:
    - mc_theme
id: mc_theme_headerblock
theme: mc_theme
region: header
weight: -2
provider: null
plugin: header_block
settings:
  id: header_block
  label: 'Header Block'
  label_display: '0'
  provider: mc_custom
visibility: {  }
